
Microsoft Visual Studio Solution File, Format Version 12.00
# Visual Studio Version 16
VisualStudioVersion = 16.0.31321.278
MinimumVisualStudioVersion = 10.0.40219.1
Project("{FAE04EC0-301F-11D3-BF4B-00C04F79EFBC}") = "SlotMachine", "SlotMachine\SlotMachine.csproj", "{BB198158-068E-4EC8-AA77-1BED24FB1DD4}"
EndProject
Global
	GlobalSection(SolutionConfigurationPlatforms) = preSolution
		Debug|Any CPU = Debug|Any CPU
		Release|Any CPU = Release|Any CPU
	EndGlobalSection
	GlobalSection(ProjectConfigurationPlatforms) = postSolution
		{BB198158-068E-4EC8-AA77-1BED24FB1DD4}.Debug|Any CPU.ActiveCfg = Debug|Any CPU
		{BB198158-068E-4EC8-AA77-1BED24FB1DD4}.Debug|Any CPU.Build.0 = Debug|Any CPU
		{BB198158-068E-4EC8-AA77-1BED24FB1DD4}.Release|Any CPU.ActiveCfg = Release|Any CPU
		{BB198158-068E-4EC8-AA77-1BED24FB1DD4}.Release|Any CPU.Build.0 = Release|Any CPU
	EndGlobalSection
	GlobalSection(SolutionProperties) = preSolution
		HideSolutionNode = FALSE
	EndGlobalSection
	GlobalSection(ExtensibilityGlobals) = postSolution
		SolutionGuid = {E8C366E7-0159-416A-B3C6-1284A735A1D6}
	EndGlobalSection
EndGlobal
